
Microsoft Visual Studio Solution File, Format Version 12.00
# Visual Studio Version 17
VisualStudioVersion = 17.4.33213.308
MinimumVisualStudioVersion = 10.0.40219.1
Project("{FAE04EC0-301F-11D3-BF4B-00C04F79EFBC}") = "natacao", "natacao\natacao.csproj", "{B1A26228-9A98-4F02-8D2B-D4B93DDA82D7}"
EndProject
Global
	GlobalSection(SolutionConfigurationPlatforms) = preSolution
		Debug|Any CPU = Debug|Any CPU
		Release|Any CPU = Release|Any CPU
	EndGlobalSection
	GlobalSection(ProjectConfigurationPlatforms) = postSolution
		{B1A26228-9A98-4F02-8D2B-D4B93DDA82D7}.Debug|Any CPU.ActiveCfg = Debug|Any CPU
		{B1A26228-9A98-4F02-8D2B-D4B93DDA82D7}.Debug|Any CPU.Build.0 = Debug|Any CPU
		{B1A26228-9A98-4F02-8D2B-D4B93DDA82D7}.Release|Any CPU.ActiveCfg = Release|Any CPU
		{B1A26228-9A98-4F02-8D2B-D4B93DDA82D7}.Release|Any CPU.Build.0 = Release|Any CPU
	EndGlobalSection
	GlobalSection(SolutionProperties) = preSolution
		HideSolutionNode = FALSE
	EndGlobalSection
	GlobalSection(ExtensibilityGlobals) = postSolution
		SolutionGuid = {D76114B5-FC4D-43BE-886F-593B9A5F2B32}
	EndGlobalSection
EndGlobal
